// !$*UTF8*$!
{
	archiveVersion = 1;
	classes = {
	};
	objectVersion = 50;
	objects = {

/* Begin PBXBuildFile section */
		9A01BC030A8F91A7CF2648F9 /* Pods_My_Weather_App.framework in Frameworks */ = {isa = PBXBuildFile; fileRef = A43254452A1FF831594B085E /* Pods_My_Weather_App.framework */; };
		ED0317D2229D02A2007F8BF7 /* AppDelegate.swift in Sources */ = {isa = PBXBuildFile; fileRef = ED0317D1229D02A2007F8BF7 /* AppDelegate.swift */; };
		ED0317D4229D02A2007F8BF7 /* ViewController.swift in Sources */ = {isa = PBXBuildFile; fileRef = ED0317D3229D02A2007F8BF7 /* ViewController.swift */; };
		ED0317D7229D02A2007F8BF7 /* Main.storyboard in Resources */ = {isa = PBXBuildFile; fileRef = ED0317D5229D02A2007F8BF7 /* Main.storyboard */; };
		ED0317D9229D02A3007F8BF7 /* Assets.xcassets in Resources */ = {isa = PBXBuildFile; fileRef = ED0317D8229D02A3007F8BF7 /* Assets.xcassets */; };
		ED0317DC229D02A3007F8BF7 /* LaunchScreen.storyboard in Resources */ = {isa = PBXBuildFile; fileRef = ED0317DA229D02A3007F8BF7 /* LaunchScreen.storyboard */; };
		ED0317E4229D1865007F8BF7 /* WeatherDataModel.swift in Sources */ = {isa = PBXBuildFile; fileRef = ED0317E3229D1865007F8BF7 /* WeatherDataModel.swift */; };
		EDFBBBDD229D7DE300F7A459 /* Data.swift in Sources */ = {isa = PBXBuildFile; fileRef = EDFBBBDC229D7DE300F7A459 /* Data.swift */; };
		EDFBBBDF229D7E3300F7A459 /* TableViewCell.swift in Sources */ = {isa = PBXBuildFile; fileRef = EDFBBBDE229D7E3300F7A459 /* TableViewCell.swift */; };
/* End PBXBuildFile section */

/* Begin PBXFileReference section */
		A43254452A1FF831594B085E /* Pods_My_Weather_App.framework */ = {isa = PBXFileReference; explicitFileType = wrapper.framework; includeInIndex = 0; path = Pods_My_Weather_App.framework; sourceTree = BUILT_PRODUCTS_DIR; };
		BCE3995A9DC7478B0FE24728 /* Pods-My_Weather_App.release.xcconfig */ = {isa = PBXFileReference; includeInIndex = 1; lastKnownFileType = text.xcconfig; name = "Pods-My_Weather_App.release.xcconfig"; path = "Target Support Files/Pods-My_Weather_App/Pods-My_Weather_App.release.xcconfig"; sourceTree = "<group>"; };
		C32630DE592C9C4A67159D3F /* Pods-My_Weather_App.debug.xcconfig */ = {isa = PBXFileReference; includeInIndex = 1; lastKnownFileType = text.xcconfig; name = "Pods-My_Weather_App.debug.xcconfig"; path = "Target Support Files/Pods-My_Weather_App/Pods-My_Weather_App.debug.xcconfig"; sourceTree = "<group>"; };
		ED0317CE229D02A2007F8BF7 /* My_Weather_App.app */ = {isa = PBXFileReference; explicitFileType = wrapper.application; includeInIndex = 0; path = My_Weather_App.app; sourceTree = BUILT_PRODUCTS_DIR; };
		ED0317D1229D02A2007F8BF7 /* AppDelegate.swift */ = {isa = PBXFileReference; lastKnownFileType = sourcecode.swift; path = AppDelegate.swift; sourceTree = "<group>"; };
		ED0317D3229D02A2007F8BF7 /* ViewController.swift */ = {isa = PBXFileReference; lastKnownFileType = sourcecode.swift; path = ViewController.swift; sourceTree = "<group>"; };
		ED0317D6229D02A2007F8BF7 /* Base */ = {isa = PBXFileReference; lastKnownFileType = file.storyboard; name = Base; path = Base.lproj/Main.storyboard; sourceTree = "<group>"; };
		ED0317D8229D02A3007F8BF7 /* Assets.xcassets */ = {isa = PBXFileReference; lastKnownFileType = folder.assetcatalog; path = Assets.xcassets; sourceTree = "<group>"; };
		ED0317DB229D02A3007F8BF7 /* Base */ = {isa = PBXFileReference; lastKnownFileType = file.storyboard; name = Base; path = Base.lproj/LaunchScreen.storyboard; sourceTree = "<group>"; };
		ED0317DD229D02A3007F8BF7 /* Info.plist */ = {isa = PBXFileReference; lastKnownFileType = text.plist.xml; path = Info.plist; sourceTree = "<group>"; };
		ED0317E3229D1865007F8BF7 /* WeatherDataModel.swift */ = {isa = PBXFileReference; lastKnownFileType = sourcecode.swift; path = WeatherDataModel.swift; sourceTree = "<group>"; };
		EDFBBBDC229D7DE300F7A459 /* Data.swift */ = {isa = PBXFileReference; lastKnownFileType = sourcecode.swift; path = Data.swift; sourceTree = "<group>"; };
		EDFBBBDE229D7E3300F7A459 /* TableViewCell.swift */ = {isa = PBXFileReference; lastKnownFileType = sourcecode.swift; path = TableViewCell.swift; sourceTree = "<group>"; };
/* End PBXFileReference section */

/* Begin PBXFrameworksBuildPhase section */
		ED0317CB229D02A2007F8BF7 /* Frameworks */ = {
			isa = PBXFrameworksBuildPhase;
			buildActionMask = 2147483647;
			files = (
				9A01BC030A8F91A7CF2648F9 /* Pods_My_Weather_App.framework in Frameworks */,
			);
			runOnlyForDeploymentPostprocessing = 0;
		};
/* End PBXFrameworksBuildPhase section */

/* Begin PBXGroup section */
		1C7B372368F0AFC1E8F1C3FD /* Pods */ = {
			isa = PBXGroup;
			children = (
				C32630DE592C9C4A67159D3F /* Pods-My_Weather_App.debug.xcconfig */,
				BCE3995A9DC7478B0FE24728 /* Pods-My_Weather_App.release.xcconfig */,
			);
			path = Pods;
			sourceTree = "<group>";
		};
		3FE5A735B3D9FCB5FD62F207 /* Frameworks */ = {
			isa = PBXGroup;
			children = (
				A43254452A1FF831594B085E /* Pods_My_Weather_App.framework */,
			);
			name = Frameworks;
			sourceTree = "<group>";
		};
		ED0317C5229D02A2007F8BF7 = {
			isa = PBXGroup;
			children = (
				ED0317D0229D02A2007F8BF7 /* My_Weather_App */,
				ED0317CF229D02A2007F8BF7 /* Products */,
				1C7B372368F0AFC1E8F1C3FD /* Pods */,
				3FE5A735B3D9FCB5FD62F207 /* Frameworks */,
			);
			sourceTree = "<group>";
		};
		ED0317CF229D02A2007F8BF7 /* Products */ = {
			isa = PBXGroup;
			children = (
				ED0317CE229D02A2007F8BF7 /* My_Weather_App.app */,
			);
			name = Products;
			sourceTree = "<group>";
		};
		ED0317D0229D02A2007F8BF7 /* My_Weather_App */ = {
			isa = PBXGroup;
			children = (
				EDFBBBDB229D7D6A00F7A459 /* Controller */,
				EDFBBBDA229D7D5F00F7A459 /* View */,
				EDFBBBD9229D7D5600F7A459 /* Model */,
				ED0317D1229D02A2007F8BF7 /* AppDelegate.swift */,
				ED0317D8229D02A3007F8BF7 /* Assets.xcassets */,
				ED0317DA229D02A3007F8BF7 /* LaunchScreen.storyboard */,
				ED0317DD229D02A3007F8BF7 /* Info.plist */,
			);
			path = My_Weather_App;
			sourceTree = "<group>";
		};
		EDFBBBD9229D7D5600F7A459 /* Model */ = {
			isa = PBXGroup;
			children = (
				ED0317E3229D1865007F8BF7 /* WeatherDataModel.swift */,
				EDFBBBDC229D7DE300F7A459 /* Data.swift */,
			);
			path = Model;
			sourceTree = "<group>";
		};
		EDFBBBDA229D7D5F00F7A459 /* View */ = {
			isa = PBXGroup;
			children = (
				ED0317D5229D02A2007F8BF7 /* Main.storyboard */,
			);
			path = View;
			sourceTree = "<group>";
		};
		EDFBBBDB229D7D6A00F7A459 /* Controller */ = {
			isa = PBXGroup;
			children = (
				ED0317D3229D02A2007F8BF7 /* ViewController.swift */,
				EDFBBBDE229D7E3300F7A459 /* TableViewCell.swift */,
			);
			path = Controller;
			sourceTree = "<group>";
		};
/* End PBXGroup section */

/* Begin PBXNativeTarget section */
		ED0317CD229D02A2007F8BF7 /* My_Weather_App */ = {
			isa = PBXNativeTarget;
			buildConfigurationList = ED0317E0229D02A3007F8BF7 /* Build configuration list for PBXNativeTarget "My_Weather_App" */;
			buildPhases = (
				2E17E88F0C434FCBBFA0A3B0 /* [CP] Check Pods Manifest.lock */,
				ED0317CA229D02A2007F8BF7 /* Sources */,
				ED0317CB229D02A2007F8BF7 /* Frameworks */,
				ED0317CC229D02A2007F8BF7 /* Resources */,
				D8CC1D5E48D424E39F7383EE /* [CP] Embed Pods Frameworks */,
			);
			buildRules = (
			);
			dependencies = (
			);
			name = My_Weather_App;
			productName = My_Weather_App;
			productReference = ED0317CE229D02A2007F8BF7 /* My_Weather_App.app */;
			productType = "com.apple.product-type.application";
		};
/* End PBXNativeTarget section */

/* Begin PBXProject section */
		ED0317C6229D02A2007F8BF7 /* Project object */ = {
			isa = PBXProject;
			attributes = {
				LastSwiftUpdateCheck = 1010;
				LastUpgradeCheck = 1010;
				ORGANIZATIONNAME = "Mohsen Abdollahi";
				TargetAttributes = {
					ED0317CD229D02A2007F8BF7 = {
						CreatedOnToolsVersion = 10.1;
					};
				};
			};
			buildConfigurationList = ED0317C9229D02A2007F8BF7 /* Build configuration list for PBXProject "My_Weather_App" */;
			compatibilityVersion = "Xcode 9.3";
			developmentRegion = en;
			hasScannedForEncodings = 0;
			knownRegions = (
				en,
				Base,
			);
			mainGroup = ED0317C5229D02A2007F8BF7;
			productRefGroup = ED0317CF229D02A2007F8BF7 /* Products */;
			projectDirPath = "";
			projectRoot = "";
			targets = (
				ED0317CD229D02A2007F8BF7 /* My_Weather_App */,
			);
		};
/* End PBXProject section */

/* Begin PBXResourcesBuildPhase section */
		ED0317CC229D02A2007F8BF7 /* Resources */ = {
			isa = PBXResourcesBuildPhase;
			buildActionMask = 2147483647;
			files = (
				ED0317DC229D02A3007F8BF7 /* LaunchScreen.storyboard in Resources */,
				ED0317D9229D02A3007F8BF7 /* Assets.xcassets in Resources */,
				ED0317D7229D02A2007F8BF7 /* Main.storyboard in Resources */,
			);
			runOnlyForDeploymentPostprocessing = 0;
		};
/* End PBXResourcesBuildPhase section */

/* Begin PBXShellScriptBuildPhase section */
		2E17E88F0C434FCBBFA0A3B0 /* [CP] Check Pods Manifest.lock */ = {
			isa = PBXShellScriptBuildPhase;
			buildActionMask = 2147483647;
			files = (
			);
			inputFileListPaths = (
			);
			inputPaths = (
				"${PODS_PODFILE_DIR_PATH}/Podfile.lock",
				"${PODS_ROOT}/Manifest.lock",
			);
			name = "[CP] Check Pods Manifest.lock";
			outputFileListPaths = (
			);
			outputPaths = (
				"$(DERIVED_FILE_DIR)/Pods-My_Weather_App-checkManifestLockResult.txt",
			);
			runOnlyForDeploymentPostprocessing = 0;
			shellPath = /bin/sh;
			shellScript = "diff \"${PODS_PODFILE_DIR_PATH}/Podfile.lock\" \"${PODS_ROOT}/Manifest.lock\" > /dev/null\nif [ $? != 0 ] ; then\n    # print error to STDERR\n    echo \"error: The sandbox is not in sync with the Podfile.lock. Run 'pod install' or update your CocoaPods installation.\" >&2\n    exit 1\nfi\n# This output is used by Xcode 'outputs' to avoid re-running this script phase.\necho \"SUCCESS\" > \"${SCRIPT_OUTPUT_FILE_0}\"\n";
			showEnvVarsInLog = 0;
		};
		D8CC1D5E48D424E39F7383EE /* [CP] Embed Pods Frameworks */ = {
			isa = PBXShellScriptBuildPhase;
			buildActionMask = 2147483647;
			files = (
			);
			inputFileListPaths = (
			);
			inputPaths = (
				"${PODS_ROOT}/Target Support Files/Pods-My_Weather_App/Pods-My_Weather_App-frameworks.sh",
				"${BUILT_PRODUCTS_DIR}/Alamofire/Alamofire.framework",
				"${BUILT_PRODUCTS_DIR}/SwiftyJSON/SwiftyJSON.framework",
			);
			name = "[CP] Embed Pods Frameworks";
			outputFileListPaths = (
			);
			outputPaths = (
				"${TARGET_BUILD_DIR}/${FRAMEWORKS_FOLDER_PATH}/Alamofire.framework",
				"${TARGET_BUILD_DIR}/${FRAMEWORKS_FOLDER_PATH}/SwiftyJSON.framework",
			);
			runOnlyForDeploymentPostprocessing = 0;
			shellPath = /bin/sh;
			shellScript = "\"${PODS_ROOT}/Target Support Files/Pods-My_Weather_App/Pods-My_Weather_App-frameworks.sh\"\n";
			showEnvVarsInLog = 0;
		};
/* End PBXShellScriptBuildPhase section */

/* Begin PBXSourcesBuildPhase section */
		ED0317CA229D02A2007F8BF7 /* Sources */ = {
			isa = PBXSourcesBuildPhase;
			buildActionMask = 2147483647;
			files = (
				ED0317E4229D1865007F8BF7 /* WeatherDataModel.swift in Sources */,
				EDFBBBDD229D7DE300F7A459 /* Data.swift in Sources */,
				ED0317D4229D02A2007F8BF7 /* ViewController.swift in Sources */,
				EDFBBBDF229D7E3300F7A459 /* TableViewCell.swift in Sources */,
				ED0317D2229D02A2007F8BF7 /* AppDelegate.swift in Sources */,
			);
			runOnlyForDeploymentPostprocessing = 0;
		};
/* End PBXSourcesBuildPhase section */

/* Begin PBXVariantGroup section */
		ED0317D5229D02A2007F8BF7 /* Main.storyboard */ = {
			isa = PBXVariantGroup;
			children = (
				ED0317D6229D02A2007F8BF7 /* Base */,
			);
			name = Main.storyboard;
			sourceTree = "<group>";
		};
		ED0317DA229D02A3007F8BF7 /* LaunchScreen.storyboard */ = {
			isa = PBXVariantGroup;
			children = (
				ED0317DB229D02A3007F8BF7 /* Base */,
			);
			name = LaunchScreen.storyboard;
			sourceTree = "<group>";
		};
/* End PBXVariantGroup section */

/* Begin XCBuildConfiguration section */
		ED0317DE229D02A3007F8BF7 /* Debug */ = {
			isa = XCBuildConfiguration;
			buildSettings = {
				ALWAYS_SEARCH_USER_PATHS = NO;
				CLANG_ANALYZER_NONNULL = YES;
				CLANG_ANALYZER_NUMBER_OBJECT_CONVERSION = YES_AGGRESSIVE;
				CLANG_CXX_LANGUAGE_STANDARD = "gnu++14";
				CLANG_CXX_LIBRARY = "libc++";
				CLANG_ENABLE_MODULES = YES;
				CLANG_ENABLE_OBJC_ARC = YES;
				CLANG_ENABLE_OBJC_WEAK = YES;
				CLANG_WARN_BLOCK_CAPTURE_AUTORELEASING = YES;
				CLANG_WARN_BOOL_CONVERSION = YES;
				CLANG_WARN_COMMA = YES;
				CLANG_WARN_CONSTANT_CONVERSION = YES;
				CLANG_WARN_DEPRECATED_OBJC_IMPLEMENTATIONS = YES;
				CLANG_WARN_DIRECT_OBJC_ISA_USAGE = YES_ERROR;
				CLANG_WARN_DOCUMENTATION_COMMENTS = YES;
				CLANG_WARN_EMPTY_BODY = YES;
				CLANG_WARN_ENUM_CONVERSION = YES;
				CLANG_WARN_INFINITE_RECURSION = YES;
				CLANG_WARN_INT_CONVERSION = YES;
				CLANG_WARN_NON_LITERAL_NULL_CONVERSION = YES;
				CLANG_WARN_OBJC_IMPLICIT_RETAIN_SELF = YES;
				CLANG_WARN_OBJC_LITERAL_CONVERSION = YES;
				CLANG_WARN_OBJC_ROOT_CLASS = YES_ERROR;
				CLANG_WARN_RANGE_LOOP_ANALYSIS = YES;
				CLANG_WARN_STRICT_PROTOTYPES = YES;
				CLANG_WARN_SUSPICIOUS_MOVE = YES;
				CLANG_WARN_UNGUARDED_AVAILABILITY = YES_AGGRESSIVE;
				CLANG_WARN_UNREACHABLE_CODE = YES;
				CLANG_WARN__DUPLICATE_METHOD_MATCH = YES;
				CODE_SIGN_IDENTITY = "iPhone Developer";
				COPY_PHASE_STRIP = NO;
				DEBUG_INFORMATION_FORMAT = dwarf;
				ENABLE_STRICT_OBJC_MSGSEND = YES;
				ENABLE_TESTABILITY = YES;
				GCC_C_LANGUAGE_STANDARD = gnu11;
				GCC_DYNAMIC_NO_PIC = NO;
				GCC_NO_COMMON_BLOCKS = YES;
				GCC_OPTIMIZATION_LEVEL = 0;
				GCC_PREPROCESSOR_DEFINITIONS = (
					"DEBUG=1",
					"$(inherited)",
				);
				GCC_WARN_64_TO_32_BIT_CONVERSION = YES;
				GCC_WARN_ABOUT_RETURN_TYPE = YES_ERROR;
				GCC_WARN_UNDECLARED_SELECTOR = YES;
				GCC_WARN_UNINITIALIZED_AUTOS = YES_AGGRESSIVE;
				GCC_WARN_UNUSED_FUNCTION = YES;
				GCC_WARN_UNUSED_VARIABLE = YES;
				IPHONEOS_DEPLOYMENT_TARGET = 12.1;
				MTL_ENABLE_DEBUG_INFO = INCLUDE_SOURCE;
				MTL_FAST_MATH = YES;
				ONLY_ACTIVE_ARCH = YES;
				SDKROOT = iphoneos;
				SWIFT_ACTIVE_COMPILATION_CONDITIONS = DEBUG;
				SWIFT_OPTIMIZATION_LEVEL = "-Onone";
			};
			name = Debug;
		};
		ED0317DF229D02A3007F8BF7 /* Release */ = {
			isa = XCBuildConfiguration;
			buildSettings = {
				ALWAYS_SEARCH_USER_PATHS = NO;
				CLANG_ANALYZER_NONNULL = YES;
				CLANG_ANALYZER_NUMBER_OBJECT_CONVERSION = YES_AGGRESSIVE;
				CLANG_CXX_LANGUAGE_STANDARD = "gnu++14";
				CLANG_CXX_LIBRARY = "libc++";
				CLANG_ENABLE_MODULES = YES;
				CLANG_ENABLE_OBJC_ARC = YES;
				CLANG_ENABLE_OBJC_WEAK = YES;
				CLANG_WARN_BLOCK_CAPTURE_AUTORELEASING = YES;
				CLANG_WARN_BOOL_CONVERSION = YES;
				CLANG_WARN_COMMA = YES;
				CLANG_WARN_CONSTANT_CONVERSION = YES;
				CLANG_WARN_DEPRECATED_OBJC_IMPLEMENTATIONS = YES;
				CLANG_WARN_DIRECT_OBJC_ISA_USAGE = YES_ERROR;
				CLANG_WARN_DOCUMENTATION_COMMENTS = YES;
				CLANG_WARN_EMPTY_BODY = YES;
				CLANG_WARN_ENUM_CONVERSION = YES;
				CLANG_WARN_INFINITE_RECURSION = YES;
				CLANG_WARN_INT_CONVERSION = YES;
				CLANG_WARN_NON_LITERAL_NULL_CONVERSION = YES;
				CLANG_WARN_OBJC_IMPLICIT_RETAIN_SELF = YES;
				CLANG_WARN_OBJC_LITERAL_CONVERSION = YES;
				CLANG_WARN_OBJC_ROOT_CLASS = YES_ERROR;
				CLANG_WARN_RANGE_LOOP_ANALYSIS = YES;
				CLANG_WARN_STRICT_PROTOTYPES = YES;
				CLANG_WARN_SUSPICIOUS_MOVE = YES;
				CLANG_WARN_UNGUARDED_AVAILABILITY = YES_AGGRESSIVE;
				CLANG_WARN_UNREACHABLE_CODE = YES;
				CLANG_WARN__DUPLICATE_METHOD_MATCH = YES;
				CODE_SIGN_IDENTITY = "iPhone Developer";
				COPY_PHASE_STRIP = NO;
				DEBUG_INFORMATION_FORMAT = "dwarf-with-dsym";
				ENABLE_NS_ASSERTIONS = NO;
				ENABLE_STRICT_OBJC_MSGSEND = YES;
				GCC_C_LANGUAGE_STANDARD = gnu11;
				GCC_NO_COMMON_BLOCKS = YES;
				GCC_WARN_64_TO_32_BIT_CONVERSION = YES;
				GCC_WARN_ABOUT_RETURN_TYPE = YES_ERROR;
				GCC_WARN_UNDECLARED_SELECTOR = YES;
				GCC_WARN_UNINITIALIZED_AUTOS = YES_AGGRESSIVE;
				GCC_WARN_UNUSED_FUNCTION = YES;
				GCC_WARN_UNUSED_VARIABLE = YES;
				IPHONEOS_DEPLOYMENT_TARGET = 12.1;
				MTL_ENABLE_DEBUG_INFO = NO;
				MTL_FAST_MATH = YES;
				SDKROOT = iphoneos;
				SWIFT_COMPILATION_MODE = wholemodule;
				SWIFT_OPTIMIZATION_LEVEL = "-O";
				VALIDATE_PRODUCT = YES;
			};
			name = Release;
		};
		ED0317E1229D02A3007F8BF7 /* Debug */ = {
			isa = XCBuildConfiguration;
			baseConfigurationReference = C32630DE592C9C4A67159D3F /* Pods-My_Weather_App.debug.xcconfig */;
			buildSettings = {
				ASSETCATALOG_COMPILER_APPICON_NAME = AppIcon;
				CODE_SIGN_STYLE = Automatic;
				INFOPLIST_FILE = My_Weather_App/Info.plist;
				LD_RUNPATH_SEARCH_PATHS = (
					"$(inherited)",
					"@executable_path/Frameworks",
				);
				PRODUCT_BUNDLE_IDENTIFIER = "com.Mohsen.My-Weather-App";
				PRODUCT_NAME = "$(TARGET_NAME)";
				SWIFT_VERSION = 4.2;
				TARGETED_DEVICE_FAMILY = "1,2";
			};
			name = Debug;
		};
		ED0317E2229D02A3007F8BF7 /* Release */ = {
			isa = XCBuildConfiguration;
			baseConfigurationReference = BCE3995A9DC7478B0FE24728 /* Pods-My_Weather_App.release.xcconfig */;
			buildSettings = {
				ASSETCATALOG_COMPILER_APPICON_NAME = AppIcon;
				CODE_SIGN_STYLE = Automatic;
				INFOPLIST_FILE = My_Weather_App/Info.plist;
				LD_RUNPATH_SEARCH_PATHS = (
					"$(inherited)",
					"@executable_path/Frameworks",
				);
				PRODUCT_BUNDLE_IDENTIFIER = "com.Mohsen.My-Weather-App";
				PRODUCT_NAME = "$(TARGET_NAME)";
				SWIFT_VERSION = 4.2;
				TARGETED_DEVICE_FAMILY = "1,2";
			};
			name = Release;
		};
/* End XCBuildConfiguration section */

/* Begin XCConfigurationList section */
		ED0317C9229D02A2007F8BF7 /* Build configuration list for PBXProject "My_Weather_App" */ = {
			isa = XCConfigurationList;
			buildConfigurations = (
				ED0317DE229D02A3007F8BF7 /* Debug */,
				ED0317DF229D02A3007F8BF7 /* Release */,
			);
			defaultConfigurationIsVisible = 0;
			defaultConfigurationName = Release;
		};
		ED0317E0229D02A3007F8BF7 /* Build configuration list for PBXNativeTarget "My_Weather_App" */ = {
			isa = XCConfigurationList;
			buildConfigurations = (
				ED0317E1229D02A3007F8BF7 /* Debug */,
				ED0317E2229D02A3007F8BF7 /* Release */,
			);
			defaultConfigurationIsVisible = 0;
			defaultConfigurationName = Release;
		};
/* End XCConfigurationList section */
	};
	rootObject = ED0317C6229D02A2007F8BF7 /* Project object */;
}
